{
    "_readme": [
        "This file locks the dependencies of your project to a known state",
        "Read more about it at https://getcomposer.org/doc/01-basic-usage.md#composer-lock-the-lock-file",
        "This file is @generated automatically"
    ],
    "hash": "5d51ba99978b9e04f9dc80540fce5366",
    "content-hash": "52b5d08f54e66e4c5934111f86c47446",
    "packages": [
        {
            "name": "ml/iri",
            "version": "1.1.4",
            "target-dir": "ML/IRI",
            "source": {
                "type": "git",
                "url": "https://github.com/lanthaler/IRI.git",
                "reference": "cbd44fa913e00ea624241b38cefaa99da8d71341"
            },
            "dist": {
                "type": "zip",
                "url": "https://api.github.com/repos/lanthaler/IRI/zipball/cbd44fa913e00ea624241b38cefaa99da8d71341",
                "reference": "cbd44fa913e00ea624241b38cefaa99da8d71341",
                "shasum": ""
            },
            "require": {
                "lib-pcre": ">=4.0",
                "php": ">=5.3.0"
            },
            "type": "library",
            "autoload": {
                "psr-0": {
                    "ML\\IRI": ""
                }
            },
            "notification-url": "https://packagist.org/downloads/",
            "license": [
                "MIT"
            ],
            "authors": [
                {
                    "name": "Markus Lanthaler",
                    "email": "mail@markus-lanthaler.com",
                    "homepage": "http://www.markus-lanthaler.com",
                    "role": "Developer"
                }
            ],
            "description": "IRI handling for PHP",
            "homepage": "http://www.markus-lanthaler.com",
            "keywords": [
                "URN",
                "iri",
                "uri",
                "url"
            ],
            "time": "2014-01-21 13:43:39"
        },
        {
            "name": "ml/json-ld",
            "version": "1.0.7",
            "target-dir": "ML/JsonLD",
            "source": {
                "type": "git",
                "url": "https://github.com/lanthaler/JsonLD.git",
                "reference": "f9dfe184f0da9ce0e0ffdddabf6d93d01787ac91"
            },
            "dist": {
                "type": "zip",
                "url": "https://api.github.com/repos/lanthaler/JsonLD/zipball/f9dfe184f0da9ce0e0ffdddabf6d93d01787ac91",
                "reference": "f9dfe184f0da9ce0e0ffdddabf6d93d01787ac91",
                "shasum": ""
            },
            "require": {
                "ext-json": "*",
                "ml/iri": "^1.1.1",
                "php": ">=5.3.0"
            },
            "require-dev": {
                "json-ld/tests": "@dev"
            },
            "type": "library",
            "autoload": {
                "psr-0": {
                    "ML\\JsonLD": ""
                }
            },
            "notification-url": "https://packagist.org/downloads/",
            "license": [
                "MIT"
            ],
            "authors": [
                {
                    "name": "Markus Lanthaler",
                    "email": "mail@markus-lanthaler.com",
                    "homepage": "http://www.markus-lanthaler.com",
                    "role": "Developer"
                }
            ],
            "description": "JSON-LD Processor for PHP",
            "homepage": "http://www.markus-lanthaler.com",
            "keywords": [
                "JSON-LD",
                "jsonld"
            ],
            "time": "2016-10-10 08:57:56"
        },
        {
            "name": "semsol/arc2",
            "version": "v2.1.0",
            "source": {
                "type": "git",
                "url": "https://github.com/semsol/arc2.git",
                "reference": "689951bb27fbd9adbd8ef261d8d99203f541509f"
            },
            "dist": {
                "type": "zip",
                "url": "https://api.github.com/repos/semsol/arc2/zipball/689951bb27fbd9adbd8ef261d8d99203f541509f",
                "reference": "689951bb27fbd9adbd8ef261d8d99203f541509f",
                "shasum": ""
            },
            "require": {
                "php": ">=5.3.0"
            },
            "type": "library",
            "autoload": {
                "classmap": [
                    "./",
                    "parsers/",
                    "serializers/"
                ]
            },
            "notification-url": "https://packagist.org/downloads/",
            "license": [
                "W3C"
            ],
            "authors": [
                {
                    "name": "Benji Nowack",
                    "email": "mail@bnowack.de",
                    "homepage": "http://bnowack.de/"
                }
            ],
            "description": "Semsol's ARC2 RDF library",
            "homepage": "https://github.com/semsol/arc2",
            "keywords": [
                "RDF",
                "sparql"
            ],
            "time": "2012-11-13 16:40:30"
        }
    ],
    "packages-dev": [],
    "aliases": [],
    "minimum-stability": "stable",
    "stability-flags": [],
    "prefer-stable": false,
    "prefer-lowest": false,
    "platform": [],
    "platform-dev": []
}
